
Microsoft Visual Studio Solution File, Format Version 11.00
# Visual Studio 2010
Project("{FAE04EC0-301F-11D3-BF4B-00C04F79EFBC}") = "Teamcollab", "Teamcollab\Teamcollab\Teamcollab.csproj", "{222089C0-7692-4476-8BAA-901255363E55}"
EndProject
Project("{FAE04EC0-301F-11D3-BF4B-00C04F79EFBC}") = "TeamcollabContent", "Teamcollab\TeamcollabContent\TeamcollabContent.contentproj", "{08950EA8-E170-4F0A-B61E-D74A66BA6941}"
EndProject
Project("{2150E333-8FDC-42A3-9474-1A3956D46DE8}") = "Solution Items", "Solution Items", "{A68AF5B0-99E6-4429-B7A3-5F32D76745E6}"
EndProject
Global
	GlobalSection(SolutionConfigurationPlatforms) = preSolution
		Debug|x86 = Debug|x86
		Release|x86 = Release|x86
	EndGlobalSection
	GlobalSection(ProjectConfigurationPlatforms) = postSolution
		{222089C0-7692-4476-8BAA-901255363E55}.Debug|x86.ActiveCfg = Debug|x86
		{222089C0-7692-4476-8BAA-901255363E55}.Debug|x86.Build.0 = Debug|x86
		{222089C0-7692-4476-8BAA-901255363E55}.Release|x86.ActiveCfg = Release|x86
		{222089C0-7692-4476-8BAA-901255363E55}.Release|x86.Build.0 = Release|x86
		{08950EA8-E170-4F0A-B61E-D74A66BA6941}.Debug|x86.ActiveCfg = Debug|x86
		{08950EA8-E170-4F0A-B61E-D74A66BA6941}.Release|x86.ActiveCfg = Release|x86
	EndGlobalSection
	GlobalSection(SolutionProperties) = preSolution
		HideSolutionNode = FALSE
	EndGlobalSection
EndGlobal
